
Microsoft Visual Studio Solution File, Format Version 12.00
# Visual Studio 15
VisualStudioVersion = 15.0.27703.2035
MinimumVisualStudioVersion = 10.0.40219.1
Project("{FAE04EC0-301F-11D3-BF4B-00C04F79EFBC}") = "Additional_Libraries_Date_And_Time_Continuous", "Additional_Libraries_Date_And_Time_Continuous\Additional_Libraries_Date_And_Time_Continuous.csproj", "{00D33A1E-21E3-4CB9-89C3-CE102C2F50AE}"
EndProject
Global
	GlobalSection(SolutionConfigurationPlatforms) = preSolution
		Debug|Any CPU = Debug|Any CPU
		Release|Any CPU = Release|Any CPU
	EndGlobalSection
	GlobalSection(ProjectConfigurationPlatforms) = postSolution
		{00D33A1E-21E3-4CB9-89C3-CE102C2F50AE}.Debug|Any CPU.ActiveCfg = Debug|Any CPU
		{00D33A1E-21E3-4CB9-89C3-CE102C2F50AE}.Debug|Any CPU.Build.0 = Debug|Any CPU
		{00D33A1E-21E3-4CB9-89C3-CE102C2F50AE}.Release|Any CPU.ActiveCfg = Release|Any CPU
		{00D33A1E-21E3-4CB9-89C3-CE102C2F50AE}.Release|Any CPU.Build.0 = Release|Any CPU
	EndGlobalSection
	GlobalSection(SolutionProperties) = preSolution
		HideSolutionNode = FALSE
	EndGlobalSection
	GlobalSection(ExtensibilityGlobals) = postSolution
		SolutionGuid = {B410AB0E-182E-43A2-B854-A9E21954E835}
	EndGlobalSection
EndGlobal
